
Microsoft Visual Studio Solution File, Format Version 12.00
# Visual Studio Version 17
VisualStudioVersion = 17.14.36705.20 d17.14
MinimumVisualStudioVersion = 10.0.40219.1
Project("{FAE04EC0-301F-11D3-BF4B-00C04F79EFBC}") = "BinarySearch", "BinarySearch\BinarySearch.csproj", "{AEE77607-1C98-4555-B012-AC9C293A6A9E}"
EndProject
Global
	GlobalSection(SolutionConfigurationPlatforms) = preSolution
		Debug|Any CPU = Debug|Any CPU
		Release|Any CPU = Release|Any CPU
	EndGlobalSection
	GlobalSection(ProjectConfigurationPlatforms) = postSolution
		{AEE77607-1C98-4555-B012-AC9C293A6A9E}.Debug|Any CPU.ActiveCfg = Debug|Any CPU
		{AEE77607-1C98-4555-B012-AC9C293A6A9E}.Debug|Any CPU.Build.0 = Debug|Any CPU
		{AEE77607-1C98-4555-B012-AC9C293A6A9E}.Release|Any CPU.ActiveCfg = Release|Any CPU
		{AEE77607-1C98-4555-B012-AC9C293A6A9E}.Release|Any CPU.Build.0 = Release|Any CPU
	EndGlobalSection
	GlobalSection(SolutionProperties) = preSolution
		HideSolutionNode = FALSE
	EndGlobalSection
	GlobalSection(ExtensibilityGlobals) = postSolution
		SolutionGuid = {C0C47B8A-8227-4D3D-8E82-F385C70A4AFB}
	EndGlobalSection
EndGlobal
